
Microsoft Visual Studio Solution File, Format Version 12.00
# Visual Studio 15
VisualStudioVersion = 15.0.27703.2026
MinimumVisualStudioVersion = 10.0.40219.1
Project("{9A19103F-16F7-4668-BE54-9A1E7A4F7556}") = "AmeffSerializer", "AmeffSerializer\AmeffSerializer.csproj", "{3AAAAF3E-F4EF-46A6-ABFE-121A732E877B}"
EndProject
Project("{FAE04EC0-301F-11D3-BF4B-00C04F79EFBC}") = "TestAmeffSerializer", "TestAmeffSerializer\TestAmeffSerializer.csproj", "{9DAC946C-97EC-403D-8A71-9458350BDE14}"
EndProject
Global
	GlobalSection(SolutionConfigurationPlatforms) = preSolution
		Debug|Any CPU = Debug|Any CPU
		Release|Any CPU = Release|Any CPU
	EndGlobalSection
	GlobalSection(ProjectConfigurationPlatforms) = postSolution
		{3AAAAF3E-F4EF-46A6-ABFE-121A732E877B}.Debug|Any CPU.ActiveCfg = Debug|Any CPU
		{3AAAAF3E-F4EF-46A6-ABFE-121A732E877B}.Debug|Any CPU.Build.0 = Debug|Any CPU
		{3AAAAF3E-F4EF-46A6-ABFE-121A732E877B}.Release|Any CPU.ActiveCfg = Release|Any CPU
		{3AAAAF3E-F4EF-46A6-ABFE-121A732E877B}.Release|Any CPU.Build.0 = Release|Any CPU
		{9DAC946C-97EC-403D-8A71-9458350BDE14}.Debug|Any CPU.ActiveCfg = Debug|Any CPU
		{9DAC946C-97EC-403D-8A71-9458350BDE14}.Debug|Any CPU.Build.0 = Debug|Any CPU
		{9DAC946C-97EC-403D-8A71-9458350BDE14}.Release|Any CPU.ActiveCfg = Release|Any CPU
		{9DAC946C-97EC-403D-8A71-9458350BDE14}.Release|Any CPU.Build.0 = Release|Any CPU
	EndGlobalSection
	GlobalSection(SolutionProperties) = preSolution
		HideSolutionNode = FALSE
	EndGlobalSection
	GlobalSection(ExtensibilityGlobals) = postSolution
		SolutionGuid = {51311713-4F05-4EA3-B308-771407CA6E02}
	EndGlobalSection
EndGlobal
